{
  "nodes": {
    "contra-master": {
      "inputs": {
        "flakeNimbleLib": [
          "flakeNimbleLib"
        ],
        "nixpkgs": [
          "nixpkgs"
        ],
        "src-contra-master": "src-contra-master"
      },
      "locked": {
        "dir": "master",
        "lastModified": 1662254412,
        "narHash": "sha256-AMzyi+oylLUULY6mPMC333lHIg3eWya9xM9d4JkQvTk=",
        "owner": "nim-nix-pkgs",
        "repo": "contra",
        "rev": "4d6ed12433c1083ea18104c6d6d91a32f9e917a5",
        "type": "github"
      },
      "original": {
        "dir": "master",
        "owner": "nim-nix-pkgs",
        "ref": "master",
        "repo": "contra",
        "type": "github"
      }
    },
    "flakeNimbleLib": {
      "inputs": {
        "nixpkgs": [
          "nixpkgs"
        ]
      },
      "locked": {
        "lastModified": 1662018438,
        "narHash": "sha256-QtNtU6+LX3Wokxf0zlFwKTFOcn6TeDjKQZ+DA9OYtvM=",
        "owner": "riinr",
        "repo": "nim-flakes-lib",
        "rev": "b1fe8340736e3a85d25c709ac3dfd82a55c03cbf",
        "type": "github"
      },
      "original": {
        "owner": "riinr",
        "ref": "master",
        "repo": "nim-flakes-lib",
        "type": "github"
      }
    },
    "nixpkgs": {
      "locked": {
        "lastModified": 1667110639,
        "narHash": "sha256-4FbPESZ5LbqQxkJJJBAfk/zKgF9h/4kyUwjjpJwYlbc=",
        "owner": "NixOS",
        "repo": "nixpkgs",
        "rev": "f38a1f04d1bec1feb61fd101a0539ae2002a7087",
        "type": "github"
      },
      "original": {
        "id": "nixpkgs",
        "type": "indirect"
      }
    },
    "root": {
      "inputs": {
        "contra-master": "contra-master",
        "flakeNimbleLib": "flakeNimbleLib",
        "nixpkgs": "nixpkgs"
      }
    },
    "src-contra-master": {
      "flake": false,
      "locked": {
        "lastModified": 1643233667,
        "narHash": "sha256-kr4/UkrM4QltwtG7mj3VRGF6qa9ZcZ5cd2C5qgOPeKU=",
        "owner": "juancarlospaco",
        "repo": "nim-contra",
        "rev": "21a9794324e82047928282a73bb19683437b72f4",
        "type": "github"
      },
      "original": {
        "owner": "juancarlospaco",
        "ref": "refs/heads/master",
        "repo": "nim-contra",
        "type": "github"
      }
    }
  },
  "root": "root",
  "version": 7
}
