{
  "nodes": {
    "contra-master": {
      "inputs": {
        "flakeNimbleLib": [
          "flakeNimbleLib"
        ],
        "nixpkgs": [
          "nixpkgs"
        ],
        "src-contra-master": "src-contra-master"
      },
      "locked": {
        "dir": "master",
        "lastModified": 1667322215,
        "narHash": "sha256-2w0Xcv849HrIN0kmaaJ4IDDMzhLVTPmPRbvXOYZyVqU=",
        "owner": "nim-nix-pkgs",
        "repo": "contra",
        "rev": "dc9c0cdb65cd78390b81a1cf17c1981bc9c4ae68",
        "type": "github"
      },
      "original": {
        "dir": "master",
        "owner": "nim-nix-pkgs",
        "ref": "master",
        "repo": "contra",
        "type": "github"
      }
    },
    "flakeNimbleLib": {
      "inputs": {
        "nixpkgs": [
          "nixpkgs"
        ]
      },
      "locked": {
        "lastModified": 1662018438,
        "narHash": "sha256-QtNtU6+LX3Wokxf0zlFwKTFOcn6TeDjKQZ+DA9OYtvM=",
        "owner": "riinr",
        "repo": "nim-flakes-lib",
        "rev": "b1fe8340736e3a85d25c709ac3dfd82a55c03cbf",
        "type": "github"
      },
      "original": {
        "owner": "riinr",
        "ref": "master",
        "repo": "nim-flakes-lib",
        "type": "github"
      }
    },
    "nixpkgs": {
      "locked": {
        "lastModified": 1667199707,
        "narHash": "sha256-I2Js3Y7gUyVSEXPULHlBoRek4Lh85vnevdS6mdvDNLI=",
        "owner": "NixOS",
        "repo": "nixpkgs",
        "rev": "ced197be72099edcfa68ebed8b87af7b04851f45",
        "type": "github"
      },
      "original": {
        "id": "nixpkgs",
        "type": "indirect"
      }
    },
    "root": {
      "inputs": {
        "contra-master": "contra-master",
        "flakeNimbleLib": "flakeNimbleLib",
        "nixpkgs": "nixpkgs"
      }
    },
    "src-contra-master": {
      "flake": false,
      "locked": {
        "lastModified": 1643233667,
        "narHash": "sha256-kr4/UkrM4QltwtG7mj3VRGF6qa9ZcZ5cd2C5qgOPeKU=",
        "owner": "juancarlospaco",
        "repo": "nim-contra",
        "rev": "21a9794324e82047928282a73bb19683437b72f4",
        "type": "github"
      },
      "original": {
        "owner": "juancarlospaco",
        "ref": "refs/heads/master",
        "repo": "nim-contra",
        "type": "github"
      }
    }
  },
  "root": "root",
  "version": 7
}
